
Microsoft Visual Studio Solution File, Format Version 12.00
# Visual Studio Version 17
VisualStudioVersion = 17.6.33829.357
MinimumVisualStudioVersion = 10.0.40219.1
Project("{9A19103F-16F7-4668-BE54-9A1E7A4F7556}") = "ConditionalStructures", "ConditionalStructures\ConditionalStructures.csproj", "{DBB7F6C4-7178-4A75-9A97-A43D9FF347DA}"
EndProject
Project("{FAE04EC0-301F-11D3-BF4B-00C04F79EFBC}") = "ExcellentResult", "ConditionalStatementsLab\ExcellentResult.csproj", "{68D76C08-D471-4C48-9D92-B58A9AA7793C}"
EndProject
Global
	GlobalSection(SolutionConfigurationPlatforms) = preSolution
		Debug|Any CPU = Debug|Any CPU
		Release|Any CPU = Release|Any CPU
	EndGlobalSection
	GlobalSection(ProjectConfigurationPlatforms) = postSolution
		{DBB7F6C4-7178-4A75-9A97-A43D9FF347DA}.Debug|Any CPU.ActiveCfg = Debug|Any CPU
		{DBB7F6C4-7178-4A75-9A97-A43D9FF347DA}.Debug|Any CPU.Build.0 = Debug|Any CPU
		{DBB7F6C4-7178-4A75-9A97-A43D9FF347DA}.Release|Any CPU.ActiveCfg = Release|Any CPU
		{DBB7F6C4-7178-4A75-9A97-A43D9FF347DA}.Release|Any CPU.Build.0 = Release|Any CPU
		{68D76C08-D471-4C48-9D92-B58A9AA7793C}.Debug|Any CPU.ActiveCfg = Debug|Any CPU
		{68D76C08-D471-4C48-9D92-B58A9AA7793C}.Debug|Any CPU.Build.0 = Debug|Any CPU
		{68D76C08-D471-4C48-9D92-B58A9AA7793C}.Release|Any CPU.ActiveCfg = Release|Any CPU
		{68D76C08-D471-4C48-9D92-B58A9AA7793C}.Release|Any CPU.Build.0 = Release|Any CPU
	EndGlobalSection
	GlobalSection(SolutionProperties) = preSolution
		HideSolutionNode = FALSE
	EndGlobalSection
	GlobalSection(ExtensibilityGlobals) = postSolution
		SolutionGuid = {1D3CD887-12DC-478A-91F7-6321D807846D}
	EndGlobalSection
EndGlobal
